
Microsoft Visual Studio Solution File, Format Version 12.00
# Visual Studio Version 16
VisualStudioVersion = 16.0.34301.259
MinimumVisualStudioVersion = 10.0.40219.1
Project("{FAE04EC0-301F-11D3-BF4B-00C04F79EFBC}") = "Mymail", "Mymail\Mymail.csproj", "{76D113CC-8F48-47B8-9B67-53A337182E2A}"
EndProject
Global
	GlobalSection(SolutionConfigurationPlatforms) = preSolution
		Debug|Any CPU = Debug|Any CPU
		Release|Any CPU = Release|Any CPU
	EndGlobalSection
	GlobalSection(ProjectConfigurationPlatforms) = postSolution
		{76D113CC-8F48-47B8-9B67-53A337182E2A}.Debug|Any CPU.ActiveCfg = Debug|Any CPU
		{76D113CC-8F48-47B8-9B67-53A337182E2A}.Debug|Any CPU.Build.0 = Debug|Any CPU
		{76D113CC-8F48-47B8-9B67-53A337182E2A}.Release|Any CPU.ActiveCfg = Release|Any CPU
		{76D113CC-8F48-47B8-9B67-53A337182E2A}.Release|Any CPU.Build.0 = Release|Any CPU
	EndGlobalSection
	GlobalSection(SolutionProperties) = preSolution
		HideSolutionNode = FALSE
	EndGlobalSection
	GlobalSection(ExtensibilityGlobals) = postSolution
		SolutionGuid = {D1CBDAE7-C87B-487F-917C-57631C852010}
	EndGlobalSection
EndGlobal
